{
  "name": "@photon/playground",
  "version": "1.0.0",
  "lockfileVersion": 3,
  "requires": true,
  "packages": {
    "": {
      "name": "@photon/playground",
      "version": "1.0.0",
      "license": "Apache-2.0",
      "dependencies": {
        "@types/codemirror": "0.0.38",
        "@types/marked": "^0.0.28",
        "@types/node": "^7.0.5",
        "@types/opentype.js": "^0.7.0",
        "monaco-editor": "^0.44.0"
      }
    },
    "node_modules/@types/codemirror": {
      "version": "0.0.38",
      "resolved": "https://registry.npmjs.org/@types/codemirror/-/codemirror-0.0.38.tgz",
      "integrity": "sha512-BQau0ULJ8lXHanTbFn3ZjvLApPlXmy2kWWteeuBmKuaUkpT9AOjT92AdKwZV9+7Nn0PxB+9Ql9G1YSJO1C1V1g==",
      "license": "MIT"
    },
    "node_modules/@types/marked": {
      "version": "0.0.28",
      "resolved": "https://registry.npmjs.org/@types/marked/-/marked-0.0.28.tgz",
      "integrity": "sha512-H0VSHuW4MtIfCwPr+aEU+f3Zq+aLAKLVZvaC5CCq2wjW6Goc2RS0zVMKqFz0MKIJb1jUaBBgFGK0QZpSI2KwNw==",
      "license": "MIT"
    },
    "node_modules/@types/node": {
      "version": "7.10.14",
      "resolved": "https://registry.npmjs.org/@types/node/-/node-7.10.14.tgz",
      "integrity": "sha512-29GS75BE8asnTno3yB6ubOJOO0FboExEqNJy4bpz0GSmW/8wPTNL4h9h63c6s1uTrOopCmJYe/4yJLh5r92ZUA==",
      "license": "MIT"
    },
    "node_modules/@types/opentype.js": {
      "version": "0.7.2",
      "resolved": "https://registry.npmjs.org/@types/opentype.js/-/opentype.js-0.7.2.tgz",
      "integrity": "sha512-Riz6WyBUBEFs7YqSsJya3SbDHJZ6BmMkY7bzNoue6rtwj+RNilLc+mgOX/eJ0Y0asq16FSU6DatBeOg8ZMy2UQ==",
      "license": "MIT"
    },
    "node_modules/monaco-editor": {
      "version": "0.44.0",
      "resolved": "https://registry.npmjs.org/monaco-editor/-/monaco-editor-0.44.0.tgz",
      "integrity": "sha512-5SmjNStN6bSuSE5WPT2ZV+iYn1/yI9sd4Igtk23ChvqB7kDk9lZbB9F5frsuvpB+2njdIeGGFf2G4gbE6rCC9Q==",
      "license": "MIT"
    }
  }
}
